// !$*UTF8*$!
{
	archiveVersion = 1;
	classes = {
	};
	objectVersion = 55;
	objects = {

/* Begin PBXBuildFile section */
		443ACB2B64DD923004C34F6A /* Pods_SpaceXTests.framework in Frameworks */ = {isa = PBXBuildFile; fileRef = BE15B679EDE73E1CE5EDEE72 /* Pods_SpaceXTests.framework */; };
		BE33E39F282EDCA300768E1C /* AppDelegate.swift in Sources */ = {isa = PBXBuildFile; fileRef = BE33E39E282EDCA300768E1C /* AppDelegate.swift */; };
		BE33E3A1282EDCA300768E1C /* SceneDelegate.swift in Sources */ = {isa = PBXBuildFile; fileRef = BE33E3A0282EDCA300768E1C /* SceneDelegate.swift */; };
		BE33E3A3282EDCA300768E1C /* ViewController.swift in Sources */ = {isa = PBXBuildFile; fileRef = BE33E3A2282EDCA300768E1C /* ViewController.swift */; };
		BE33E3A6282EDCA300768E1C /* Main.storyboard in Resources */ = {isa = PBXBuildFile; fileRef = BE33E3A4282EDCA300768E1C /* Main.storyboard */; };
		BE33E3A8282EDCA400768E1C /* Assets.xcassets in Resources */ = {isa = PBXBuildFile; fileRef = BE33E3A7282EDCA400768E1C /* Assets.xcassets */; };
		BE33E3AB282EDCA400768E1C /* LaunchScreen.storyboard in Resources */ = {isa = PBXBuildFile; fileRef = BE33E3A9282EDCA400768E1C /* LaunchScreen.storyboard */; };
		BE33E3B6282EDCA400768E1C /* SpaceXTests.swift in Sources */ = {isa = PBXBuildFile; fileRef = BE33E3B5282EDCA400768E1C /* SpaceXTests.swift */; };
		BE33E3C0282EDCA400768E1C /* SpaceXUITests.swift in Sources */ = {isa = PBXBuildFile; fileRef = BE33E3BF282EDCA400768E1C /* SpaceXUITests.swift */; };
		BE33E3C2282EDCA400768E1C /* SpaceXUITestsLaunchTests.swift in Sources */ = {isa = PBXBuildFile; fileRef = BE33E3C1282EDCA400768E1C /* SpaceXUITestsLaunchTests.swift */; };
		BE33E3D0282EDCD400768E1C /* Apollo in Frameworks */ = {isa = PBXBuildFile; productRef = BE33E3CF282EDCD400768E1C /* Apollo */; };
		BE33E3D2282EDCD400768E1C /* ApolloWebSocket in Frameworks */ = {isa = PBXBuildFile; productRef = BE33E3D1282EDCD400768E1C /* ApolloWebSocket */; };
		BE33E3D4282EDFB700768E1C /* Schema.json in Resources */ = {isa = PBXBuildFile; fileRef = BE33E3D3282EDFB700768E1C /* Schema.json */; };
		BE33E3D7282EE1A200768E1C /* GraphQLViewController.graphql in Resources */ = {isa = PBXBuildFile; fileRef = BE33E3D6282EE1A200768E1C /* GraphQLViewController.graphql */; };
		BE33E3D9282EE26200768E1C /* API.swift in Sources */ = {isa = PBXBuildFile; fileRef = BE33E3D8282EE26200768E1C /* API.swift */; };
		BE33E3DB282F946E00768E1C /* Network.swift in Sources */ = {isa = PBXBuildFile; fileRef = BE33E3DA282F946E00768E1C /* Network.swift */; };
		BE5D769C282FF19C00750A15 /* CustomRocketCell.swift in Sources */ = {isa = PBXBuildFile; fileRef = BE5D769A282FF19C00750A15 /* CustomRocketCell.swift */; };
		BE5D769D282FF19C00750A15 /* CustomRocketCell.xib in Resources */ = {isa = PBXBuildFile; fileRef = BE5D769B282FF19C00750A15 /* CustomRocketCell.xib */; };
		BE5D76A428300A6100750A15 /* DetailViewController.swift in Sources */ = {isa = PBXBuildFile; fileRef = BE5D76A228300A6100750A15 /* DetailViewController.swift */; };
		BE5D76A528300A6100750A15 /* DetailViewController.xib in Resources */ = {isa = PBXBuildFile; fileRef = BE5D76A328300A6100750A15 /* DetailViewController.xib */; };
		BE5D76A72830F71000750A15 /* ViewModel.swift in Sources */ = {isa = PBXBuildFile; fileRef = BE5D76A62830F71000750A15 /* ViewModel.swift */; };
		DEEB4CA45BA68BBBEDD49709 /* Pods_SpaceX_SpaceXUITests.framework in Frameworks */ = {isa = PBXBuildFile; fileRef = 19425500ECFB70C79FE248CB /* Pods_SpaceX_SpaceXUITests.framework */; };
		F4EFA7480B1406B132B92167 /* Pods_SpaceX.framework in Frameworks */ = {isa = PBXBuildFile; fileRef = 639BC2997DFE27A45A1CC0AE /* Pods_SpaceX.framework */; };
/* End PBXBuildFile section */

/* Begin PBXContainerItemProxy section */
		BE33E3B2282EDCA400768E1C /* PBXContainerItemProxy */ = {
			isa = PBXContainerItemProxy;
			containerPortal = BE33E393282EDCA300768E1C /* Project object */;
			proxyType = 1;
			remoteGlobalIDString = BE33E39A282EDCA300768E1C;
			remoteInfo = SpaceX;
		};
		BE33E3BC282EDCA400768E1C /* PBXContainerItemProxy */ = {
			isa = PBXContainerItemProxy;
			containerPortal = BE33E393282EDCA300768E1C /* Project object */;
			proxyType = 1;
			remoteGlobalIDString = BE33E39A282EDCA300768E1C;
			remoteInfo = SpaceX;
		};
/* End PBXContainerItemProxy section */

/* Begin PBXFileReference section */
		00E581049BB89217A9FE76F8 /* Pods-SpaceX-SpaceXUITests.debug.xcconfig */ = {isa = PBXFileReference; includeInIndex = 1; lastKnownFileType = text.xcconfig; name = "Pods-SpaceX-SpaceXUITests.debug.xcconfig"; path = "Target Support Files/Pods-SpaceX-SpaceXUITests/Pods-SpaceX-SpaceXUITests.debug.xcconfig"; sourceTree = "<group>"; };
		19425500ECFB70C79FE248CB /* Pods_SpaceX_SpaceXUITests.framework */ = {isa = PBXFileReference; explicitFileType = wrapper.framework; includeInIndex = 0; path = Pods_SpaceX_SpaceXUITests.framework; sourceTree = BUILT_PRODUCTS_DIR; };
		60A208456AD84519069EE913 /* Pods-SpaceX-SpaceXUITests.release.xcconfig */ = {isa = PBXFileReference; includeInIndex = 1; lastKnownFileType = text.xcconfig; name = "Pods-SpaceX-SpaceXUITests.release.xcconfig"; path = "Target Support Files/Pods-SpaceX-SpaceXUITests/Pods-SpaceX-SpaceXUITests.release.xcconfig"; sourceTree = "<group>"; };
		639BC2997DFE27A45A1CC0AE /* Pods_SpaceX.framework */ = {isa = PBXFileReference; explicitFileType = wrapper.framework; includeInIndex = 0; path = Pods_SpaceX.framework; sourceTree = BUILT_PRODUCTS_DIR; };
		6BE72512BAC91395183343F1 /* Pods-SpaceX.release.xcconfig */ = {isa = PBXFileReference; includeInIndex = 1; lastKnownFileType = text.xcconfig; name = "Pods-SpaceX.release.xcconfig"; path = "Target Support Files/Pods-SpaceX/Pods-SpaceX.release.xcconfig"; sourceTree = "<group>"; };
		A2FCF4366B11A29B8B3C6290 /* Pods-SpaceXTests.debug.xcconfig */ = {isa = PBXFileReference; includeInIndex = 1; lastKnownFileType = text.xcconfig; name = "Pods-SpaceXTests.debug.xcconfig"; path = "Target Support Files/Pods-SpaceXTests/Pods-SpaceXTests.debug.xcconfig"; sourceTree = "<group>"; };
		A38CC71CE11AC0CFC9460E95 /* Pods-SpaceXTests.release.xcconfig */ = {isa = PBXFileReference; includeInIndex = 1; lastKnownFileType = text.xcconfig; name = "Pods-SpaceXTests.release.xcconfig"; path = "Target Support Files/Pods-SpaceXTests/Pods-SpaceXTests.release.xcconfig"; sourceTree = "<group>"; };
		BE15B679EDE73E1CE5EDEE72 /* Pods_SpaceXTests.framework */ = {isa = PBXFileReference; explicitFileType = wrapper.framework; includeInIndex = 0; path = Pods_SpaceXTests.framework; sourceTree = BUILT_PRODUCTS_DIR; };
		BE33E39B282EDCA300768E1C /* SpaceX.app */ = {isa = PBXFileReference; explicitFileType = wrapper.application; includeInIndex = 0; path = SpaceX.app; sourceTree = BUILT_PRODUCTS_DIR; };
		BE33E39E282EDCA300768E1C /* AppDelegate.swift */ = {isa = PBXFileReference; lastKnownFileType = sourcecode.swift; path = AppDelegate.swift; sourceTree = "<group>"; };
		BE33E3A0282EDCA300768E1C /* SceneDelegate.swift */ = {isa = PBXFileReference; lastKnownFileType = sourcecode.swift; path = SceneDelegate.swift; sourceTree = "<group>"; };
		BE33E3A2282EDCA300768E1C /* ViewController.swift */ = {isa = PBXFileReference; lastKnownFileType = sourcecode.swift; path = ViewController.swift; sourceTree = "<group>"; };
		BE33E3A5282EDCA300768E1C /* Base */ = {isa = PBXFileReference; lastKnownFileType = file.storyboard; name = Base; path = Base.lproj/Main.storyboard; sourceTree = "<group>"; };
		BE33E3A7282EDCA400768E1C /* Assets.xcassets */ = {isa = PBXFileReference; lastKnownFileType = folder.assetcatalog; path = Assets.xcassets; sourceTree = "<group>"; };
		BE33E3AA282EDCA400768E1C /* Base */ = {isa = PBXFileReference; lastKnownFileType = file.storyboard; name = Base; path = Base.lproj/LaunchScreen.storyboard; sourceTree = "<group>"; };
		BE33E3AC282EDCA400768E1C /* Info.plist */ = {isa = PBXFileReference; lastKnownFileType = text.plist.xml; path = Info.plist; sourceTree = "<group>"; };
		BE33E3B1282EDCA400768E1C /* SpaceXTests.xctest */ = {isa = PBXFileReference; explicitFileType = wrapper.cfbundle; includeInIndex = 0; path = SpaceXTests.xctest; sourceTree = BUILT_PRODUCTS_DIR; };
		BE33E3B5282EDCA400768E1C /* SpaceXTests.swift */ = {isa = PBXFileReference; lastKnownFileType = sourcecode.swift; path = SpaceXTests.swift; sourceTree = "<group>"; };
		BE33E3BB282EDCA400768E1C /* SpaceXUITests.xctest */ = {isa = PBXFileReference; explicitFileType = wrapper.cfbundle; includeInIndex = 0; path = SpaceXUITests.xctest; sourceTree = BUILT_PRODUCTS_DIR; };
		BE33E3BF282EDCA400768E1C /* SpaceXUITests.swift */ = {isa = PBXFileReference; lastKnownFileType = sourcecode.swift; path = SpaceXUITests.swift; sourceTree = "<group>"; };
		BE33E3C1282EDCA400768E1C /* SpaceXUITestsLaunchTests.swift */ = {isa = PBXFileReference; lastKnownFileType = sourcecode.swift; path = SpaceXUITestsLaunchTests.swift; sourceTree = "<group>"; };
		BE33E3D3282EDFB700768E1C /* Schema.json */ = {isa = PBXFileReference; fileEncoding = 4; lastKnownFileType = text.json; path = Schema.json; sourceTree = "<group>"; };
		BE33E3D6282EE1A200768E1C /* GraphQLViewController.graphql */ = {isa = PBXFileReference; lastKnownFileType = text; path = GraphQLViewController.graphql; sourceTree = "<group>"; };
		BE33E3D8282EE26200768E1C /* API.swift */ = {isa = PBXFileReference; fileEncoding = 4; lastKnownFileType = sourcecode.swift; path = API.swift; sourceTree = "<group>"; };
		BE33E3DA282F946E00768E1C /* Network.swift */ = {isa = PBXFileReference; lastKnownFileType = sourcecode.swift; path = Network.swift; sourceTree = "<group>"; };
		BE5D769A282FF19C00750A15 /* CustomRocketCell.swift */ = {isa = PBXFileReference; lastKnownFileType = sourcecode.swift; path = CustomRocketCell.swift; sourceTree = "<group>"; };
		BE5D769B282FF19C00750A15 /* CustomRocketCell.xib */ = {isa = PBXFileReference; lastKnownFileType = file.xib; path = CustomRocketCell.xib; sourceTree = "<group>"; };
		BE5D76A228300A6100750A15 /* DetailViewController.swift */ = {isa = PBXFileReference; lastKnownFileType = sourcecode.swift; path = DetailViewController.swift; sourceTree = "<group>"; };
		BE5D76A328300A6100750A15 /* DetailViewController.xib */ = {isa = PBXFileReference; lastKnownFileType = file.xib; path = DetailViewController.xib; sourceTree = "<group>"; };
		BE5D76A62830F71000750A15 /* ViewModel.swift */ = {isa = PBXFileReference; lastKnownFileType = sourcecode.swift; path = ViewModel.swift; sourceTree = "<group>"; };
		CA4AC9FE39652B0AB164BA33 /* Pods-SpaceX.debug.xcconfig */ = {isa = PBXFileReference; includeInIndex = 1; lastKnownFileType = text.xcconfig; name = "Pods-SpaceX.debug.xcconfig"; path = "Target Support Files/Pods-SpaceX/Pods-SpaceX.debug.xcconfig"; sourceTree = "<group>"; };
/* End PBXFileReference section */

/* Begin PBXFrameworksBuildPhase section */
		BE33E398282EDCA300768E1C /* Frameworks */ = {
			isa = PBXFrameworksBuildPhase;
			buildActionMask = 2147483647;
			files = (
				BE33E3D0282EDCD400768E1C /* Apollo in Frameworks */,
				BE33E3D2282EDCD400768E1C /* ApolloWebSocket in Frameworks */,
				F4EFA7480B1406B132B92167 /* Pods_SpaceX.framework in Frameworks */,
			);
			runOnlyForDeploymentPostprocessing = 0;
		};
		BE33E3AE282EDCA400768E1C /* Frameworks */ = {
			isa = PBXFrameworksBuildPhase;
			buildActionMask = 2147483647;
			files = (
				443ACB2B64DD923004C34F6A /* Pods_SpaceXTests.framework in Frameworks */,
			);
			runOnlyForDeploymentPostprocessing = 0;
		};
		BE33E3B8282EDCA400768E1C /* Frameworks */ = {
			isa = PBXFrameworksBuildPhase;
			buildActionMask = 2147483647;
			files = (
				DEEB4CA45BA68BBBEDD49709 /* Pods_SpaceX_SpaceXUITests.framework in Frameworks */,
			);
			runOnlyForDeploymentPostprocessing = 0;
		};
/* End PBXFrameworksBuildPhase section */

/* Begin PBXGroup section */
		BE33E392282EDCA300768E1C = {
			isa = PBXGroup;
			children = (
				BE33E39D282EDCA300768E1C /* SpaceX */,
				BE33E3B4282EDCA400768E1C /* SpaceXTests */,
				BE33E3BE282EDCA400768E1C /* SpaceXUITests */,
				BE33E39C282EDCA300768E1C /* Products */,
				D1DD79E86B72C0998AAE1C08 /* Pods */,
				ED9AC144FC0360F343F81A19 /* Frameworks */,
			);
			sourceTree = "<group>";
		};
		BE33E39C282EDCA300768E1C /* Products */ = {
			isa = PBXGroup;
			children = (
				BE33E39B282EDCA300768E1C /* SpaceX.app */,
				BE33E3B1282EDCA400768E1C /* SpaceXTests.xctest */,
				BE33E3BB282EDCA400768E1C /* SpaceXUITests.xctest */,
			);
			name = Products;
			sourceTree = "<group>";
		};
		BE33E39D282EDCA300768E1C /* SpaceX */ = {
			isa = PBXGroup;
			children = (
				BE33E3D6282EE1A200768E1C /* GraphQLViewController.graphql */,
				BE33E3D3282EDFB700768E1C /* Schema.json */,
				BE33E3D8282EE26200768E1C /* API.swift */,
				BE33E3DC282FA29C00768E1C /* NetWork */,
				BE33E3E2282FDC8800768E1C /* MainApp */,
				BE33E3E5282FDD2400768E1C /* MainViewController */,
				BE5D769E283009DB00750A15 /* tableViewCell */,
				BE5D769F28300A2500750A15 /* DetailView */,
				BE33E3A9282EDCA400768E1C /* LaunchScreen.storyboard */,
				BE33E3A7282EDCA400768E1C /* Assets.xcassets */,
				BE33E3AC282EDCA400768E1C /* Info.plist */,
			);
			path = SpaceX;
			sourceTree = "<group>";
		};
		BE33E3B4282EDCA400768E1C /* SpaceXTests */ = {
			isa = PBXGroup;
			children = (
				BE33E3B5282EDCA400768E1C /* SpaceXTests.swift */,
			);
			path = SpaceXTests;
			sourceTree = "<group>";
		};
		BE33E3BE282EDCA400768E1C /* SpaceXUITests */ = {
			isa = PBXGroup;
			children = (
				BE33E3BF282EDCA400768E1C /* SpaceXUITests.swift */,
				BE33E3C1282EDCA400768E1C /* SpaceXUITestsLaunchTests.swift */,
			);
			path = SpaceXUITests;
			sourceTree = "<group>";
		};
		BE33E3DC282FA29C00768E1C /* NetWork */ = {
			isa = PBXGroup;
			children = (
				BE33E3DA282F946E00768E1C /* Network.swift */,
			);
			path = NetWork;
			sourceTree = "<group>";
		};
		BE33E3E2282FDC8800768E1C /* MainApp */ = {
			isa = PBXGroup;
			children = (
				BE33E3A0282EDCA300768E1C /* SceneDelegate.swift */,
				BE33E39E282EDCA300768E1C /* AppDelegate.swift */,
			);
			path = MainApp;
			sourceTree = "<group>";
		};
		BE33E3E5282FDD2400768E1C /* MainViewController */ = {
			isa = PBXGroup;
			children = (
				BE33E3A2282EDCA300768E1C /* ViewController.swift */,
				BE5D76A62830F71000750A15 /* ViewModel.swift */,
				BE33E3A4282EDCA300768E1C /* Main.storyboard */,
			);
			path = MainViewController;
			sourceTree = "<group>";
		};
		BE5D769E283009DB00750A15 /* tableViewCell */ = {
			isa = PBXGroup;
			children = (
				BE5D769A282FF19C00750A15 /* CustomRocketCell.swift */,
				BE5D769B282FF19C00750A15 /* CustomRocketCell.xib */,
			);
			path = tableViewCell;
			sourceTree = "<group>";
		};
		BE5D769F28300A2500750A15 /* DetailView */ = {
			isa = PBXGroup;
			children = (
				BE5D76A228300A6100750A15 /* DetailViewController.swift */,
				BE5D76A328300A6100750A15 /* DetailViewController.xib */,
			);
			path = DetailView;
			sourceTree = "<group>";
		};
		D1DD79E86B72C0998AAE1C08 /* Pods */ = {
			isa = PBXGroup;
			children = (
				CA4AC9FE39652B0AB164BA33 /* Pods-SpaceX.debug.xcconfig */,
				6BE72512BAC91395183343F1 /* Pods-SpaceX.release.xcconfig */,
				00E581049BB89217A9FE76F8 /* Pods-SpaceX-SpaceXUITests.debug.xcconfig */,
				60A208456AD84519069EE913 /* Pods-SpaceX-SpaceXUITests.release.xcconfig */,
				A2FCF4366B11A29B8B3C6290 /* Pods-SpaceXTests.debug.xcconfig */,
				A38CC71CE11AC0CFC9460E95 /* Pods-SpaceXTests.release.xcconfig */,
			);
			name = Pods;
			path = Pods;
			sourceTree = "<group>";
		};
		ED9AC144FC0360F343F81A19 /* Frameworks */ = {
			isa = PBXGroup;
			children = (
				639BC2997DFE27A45A1CC0AE /* Pods_SpaceX.framework */,
				19425500ECFB70C79FE248CB /* Pods_SpaceX_SpaceXUITests.framework */,
				BE15B679EDE73E1CE5EDEE72 /* Pods_SpaceXTests.framework */,
			);
			name = Frameworks;
			sourceTree = "<group>";
		};
/* End PBXGroup section */

/* Begin PBXNativeTarget section */
		BE33E39A282EDCA300768E1C /* SpaceX */ = {
			isa = PBXNativeTarget;
			buildConfigurationList = BE33E3C5282EDCA400768E1C /* Build configuration list for PBXNativeTarget "SpaceX" */;
			buildPhases = (
				517739F583F1A5B7EA35CED1 /* [CP] Check Pods Manifest.lock */,
				BE33E3D5282EE11D00768E1C /* Apollo */,
				BE33E397282EDCA300768E1C /* Sources */,
				BE33E398282EDCA300768E1C /* Frameworks */,
				BE33E399282EDCA300768E1C /* Resources */,
				AE1585139CE8A631732E8EEB /* [CP] Embed Pods Frameworks */,
			);
			buildRules = (
			);
			dependencies = (
			);
			name = SpaceX;
			packageProductDependencies = (
				BE33E3CF282EDCD400768E1C /* Apollo */,
				BE33E3D1282EDCD400768E1C /* ApolloWebSocket */,
			);
			productName = SpaceX;
			productReference = BE33E39B282EDCA300768E1C /* SpaceX.app */;
			productType = "com.apple.product-type.application";
		};
		BE33E3B0282EDCA400768E1C /* SpaceXTests */ = {
			isa = PBXNativeTarget;
			buildConfigurationList = BE33E3C8282EDCA400768E1C /* Build configuration list for PBXNativeTarget "SpaceXTests" */;
			buildPhases = (
				5B9ED4329C4C2A7F94B2368B /* [CP] Check Pods Manifest.lock */,
				BE33E3AD282EDCA400768E1C /* Sources */,
				BE33E3AE282EDCA400768E1C /* Frameworks */,
				BE33E3AF282EDCA400768E1C /* Resources */,
			);
			buildRules = (
			);
			dependencies = (
				BE33E3B3282EDCA400768E1C /* PBXTargetDependency */,
			);
			name = SpaceXTests;
			productName = SpaceXTests;
			productReference = BE33E3B1282EDCA400768E1C /* SpaceXTests.xctest */;
			productType = "com.apple.product-type.bundle.unit-test";
		};
		BE33E3BA282EDCA400768E1C /* SpaceXUITests */ = {
			isa = PBXNativeTarget;
			buildConfigurationList = BE33E3CB282EDCA400768E1C /* Build configuration list for PBXNativeTarget "SpaceXUITests" */;
			buildPhases = (
				9BE4B09D1F05502B11A5ACD5 /* [CP] Check Pods Manifest.lock */,
				BE33E3B7282EDCA400768E1C /* Sources */,
				BE33E3B8282EDCA400768E1C /* Frameworks */,
				BE33E3B9282EDCA400768E1C /* Resources */,
				40B0869EF0A2C8A634862BD7 /* [CP] Embed Pods Frameworks */,
			);
			buildRules = (
			);
			dependencies = (
				BE33E3BD282EDCA400768E1C /* PBXTargetDependency */,
			);
			name = SpaceXUITests;
			productName = SpaceXUITests;
			productReference = BE33E3BB282EDCA400768E1C /* SpaceXUITests.xctest */;
			productType = "com.apple.product-type.bundle.ui-testing";
		};
/* End PBXNativeTarget section */

/* Begin PBXProject section */
		BE33E393282EDCA300768E1C /* Project object */ = {
			isa = PBXProject;
			attributes = {
				BuildIndependentTargetsInParallel = 1;
				LastSwiftUpdateCheck = 1330;
				LastUpgradeCheck = 1330;
				TargetAttributes = {
					BE33E39A282EDCA300768E1C = {
						CreatedOnToolsVersion = 13.3.1;
					};
					BE33E3B0282EDCA400768E1C = {
						CreatedOnToolsVersion = 13.3.1;
						TestTargetID = BE33E39A282EDCA300768E1C;
					};
					BE33E3BA282EDCA400768E1C = {
						CreatedOnToolsVersion = 13.3.1;
						TestTargetID = BE33E39A282EDCA300768E1C;
					};
				};
			};
			buildConfigurationList = BE33E396282EDCA300768E1C /* Build configuration list for PBXProject "SpaceX" */;
			compatibilityVersion = "Xcode 13.0";
			developmentRegion = en;
			hasScannedForEncodings = 0;
			knownRegions = (
				en,
				Base,
			);
			mainGroup = BE33E392282EDCA300768E1C;
			packageReferences = (
				BE33E3CE282EDCD400768E1C /* XCRemoteSwiftPackageReference "apollo-ios" */,
			);
			productRefGroup = BE33E39C282EDCA300768E1C /* Products */;
			projectDirPath = "";
			projectRoot = "";
			targets = (
				BE33E39A282EDCA300768E1C /* SpaceX */,
				BE33E3B0282EDCA400768E1C /* SpaceXTests */,
				BE33E3BA282EDCA400768E1C /* SpaceXUITests */,
			);
		};
/* End PBXProject section */

/* Begin PBXResourcesBuildPhase section */
		BE33E399282EDCA300768E1C /* Resources */ = {
			isa = PBXResourcesBuildPhase;
			buildActionMask = 2147483647;
			files = (
				BE33E3D7282EE1A200768E1C /* GraphQLViewController.graphql in Resources */,
				BE33E3D4282EDFB700768E1C /* Schema.json in Resources */,
				BE5D76A528300A6100750A15 /* DetailViewController.xib in Resources */,
				BE33E3AB282EDCA400768E1C /* LaunchScreen.storyboard in Resources */,
				BE33E3A8282EDCA400768E1C /* Assets.xcassets in Resources */,
				BE5D769D282FF19C00750A15 /* CustomRocketCell.xib in Resources */,
				BE33E3A6282EDCA300768E1C /* Main.storyboard in Resources */,
			);
			runOnlyForDeploymentPostprocessing = 0;
		};
		BE33E3AF282EDCA400768E1C /* Resources */ = {
			isa = PBXResourcesBuildPhase;
			buildActionMask = 2147483647;
			files = (
			);
			runOnlyForDeploymentPostprocessing = 0;
		};
		BE33E3B9282EDCA400768E1C /* Resources */ = {
			isa = PBXResourcesBuildPhase;
			buildActionMask = 2147483647;
			files = (
			);
			runOnlyForDeploymentPostprocessing = 0;
		};
/* End PBXResourcesBuildPhase section */

/* Begin PBXShellScriptBuildPhase section */
		40B0869EF0A2C8A634862BD7 /* [CP] Embed Pods Frameworks */ = {
			isa = PBXShellScriptBuildPhase;
			buildActionMask = 2147483647;
			files = (
			);
			inputFileListPaths = (
				"${PODS_ROOT}/Target Support Files/Pods-SpaceX-SpaceXUITests/Pods-SpaceX-SpaceXUITests-frameworks-${CONFIGURATION}-input-files.xcfilelist",
			);
			name = "[CP] Embed Pods Frameworks";
			outputFileListPaths = (
				"${PODS_ROOT}/Target Support Files/Pods-SpaceX-SpaceXUITests/Pods-SpaceX-SpaceXUITests-frameworks-${CONFIGURATION}-output-files.xcfilelist",
			);
			runOnlyForDeploymentPostprocessing = 0;
			shellPath = /bin/sh;
			shellScript = "\"${PODS_ROOT}/Target Support Files/Pods-SpaceX-SpaceXUITests/Pods-SpaceX-SpaceXUITests-frameworks.sh\"\n";
			showEnvVarsInLog = 0;
		};
		517739F583F1A5B7EA35CED1 /* [CP] Check Pods Manifest.lock */ = {
			isa = PBXShellScriptBuildPhase;
			buildActionMask = 2147483647;
			files = (
			);
			inputFileListPaths = (
			);
			inputPaths = (
				"${PODS_PODFILE_DIR_PATH}/Podfile.lock",
				"${PODS_ROOT}/Manifest.lock",
			);
			name = "[CP] Check Pods Manifest.lock";
			outputFileListPaths = (
			);
			outputPaths = (
				"$(DERIVED_FILE_DIR)/Pods-SpaceX-checkManifestLockResult.txt",
			);
			runOnlyForDeploymentPostprocessing = 0;
			shellPath = /bin/sh;
			shellScript = "diff \"${PODS_PODFILE_DIR_PATH}/Podfile.lock\" \"${PODS_ROOT}/Manifest.lock\" > /dev/null\nif [ $? != 0 ] ; then\n    # print error to STDERR\n    echo \"error: The sandbox is not in sync with the Podfile.lock. Run 'pod install' or update your CocoaPods installation.\" >&2\n    exit 1\nfi\n# This output is used by Xcode 'outputs' to avoid re-running this script phase.\necho \"SUCCESS\" > \"${SCRIPT_OUTPUT_FILE_0}\"\n";
			showEnvVarsInLog = 0;
		};
		5B9ED4329C4C2A7F94B2368B /* [CP] Check Pods Manifest.lock */ = {
			isa = PBXShellScriptBuildPhase;
			buildActionMask = 2147483647;
			files = (
			);
			inputFileListPaths = (
			);
			inputPaths = (
				"${PODS_PODFILE_DIR_PATH}/Podfile.lock",
				"${PODS_ROOT}/Manifest.lock",
			);
			name = "[CP] Check Pods Manifest.lock";
			outputFileListPaths = (
			);
			outputPaths = (
				"$(DERIVED_FILE_DIR)/Pods-SpaceXTests-checkManifestLockResult.txt",
			);
			runOnlyForDeploymentPostprocessing = 0;
			shellPath = /bin/sh;
			shellScript = "diff \"${PODS_PODFILE_DIR_PATH}/Podfile.lock\" \"${PODS_ROOT}/Manifest.lock\" > /dev/null\nif [ $? != 0 ] ; then\n    # print error to STDERR\n    echo \"error: The sandbox is not in sync with the Podfile.lock. Run 'pod install' or update your CocoaPods installation.\" >&2\n    exit 1\nfi\n# This output is used by Xcode 'outputs' to avoid re-running this script phase.\necho \"SUCCESS\" > \"${SCRIPT_OUTPUT_FILE_0}\"\n";
			showEnvVarsInLog = 0;
		};
		9BE4B09D1F05502B11A5ACD5 /* [CP] Check Pods Manifest.lock */ = {
			isa = PBXShellScriptBuildPhase;
			buildActionMask = 2147483647;
			files = (
			);
			inputFileListPaths = (
			);
			inputPaths = (
				"${PODS_PODFILE_DIR_PATH}/Podfile.lock",
				"${PODS_ROOT}/Manifest.lock",
			);
			name = "[CP] Check Pods Manifest.lock";
			outputFileListPaths = (
			);
			outputPaths = (
				"$(DERIVED_FILE_DIR)/Pods-SpaceX-SpaceXUITests-checkManifestLockResult.txt",
			);
			runOnlyForDeploymentPostprocessing = 0;
			shellPath = /bin/sh;
			shellScript = "diff \"${PODS_PODFILE_DIR_PATH}/Podfile.lock\" \"${PODS_ROOT}/Manifest.lock\" > /dev/null\nif [ $? != 0 ] ; then\n    # print error to STDERR\n    echo \"error: The sandbox is not in sync with the Podfile.lock. Run 'pod install' or update your CocoaPods installation.\" >&2\n    exit 1\nfi\n# This output is used by Xcode 'outputs' to avoid re-running this script phase.\necho \"SUCCESS\" > \"${SCRIPT_OUTPUT_FILE_0}\"\n";
			showEnvVarsInLog = 0;
		};
		AE1585139CE8A631732E8EEB /* [CP] Embed Pods Frameworks */ = {
			isa = PBXShellScriptBuildPhase;
			buildActionMask = 2147483647;
			files = (
			);
			inputFileListPaths = (
				"${PODS_ROOT}/Target Support Files/Pods-SpaceX/Pods-SpaceX-frameworks-${CONFIGURATION}-input-files.xcfilelist",
			);
			name = "[CP] Embed Pods Frameworks";
			outputFileListPaths = (
				"${PODS_ROOT}/Target Support Files/Pods-SpaceX/Pods-SpaceX-frameworks-${CONFIGURATION}-output-files.xcfilelist",
			);
			runOnlyForDeploymentPostprocessing = 0;
			shellPath = /bin/sh;
			shellScript = "\"${PODS_ROOT}/Target Support Files/Pods-SpaceX/Pods-SpaceX-frameworks.sh\"\n";
			showEnvVarsInLog = 0;
		};
		BE33E3D5282EE11D00768E1C /* Apollo */ = {
			isa = PBXShellScriptBuildPhase;
			buildActionMask = 2147483647;
			files = (
			);
			inputFileListPaths = (
			);
			inputPaths = (
			);
			name = Apollo;
			outputFileListPaths = (
			);
			outputPaths = (
			);
			runOnlyForDeploymentPostprocessing = 0;
			shellPath = /bin/sh;
			shellScript = "# Don't run this during index builds\n2\nif [ $ACTION = \"indexbuild\" ]; then exit 0; fi\n3\n\n4\n# Go to the build root and search up the chain to find the Derived Data Path where the source packages are checked out.\n5\nDERIVED_DATA_CANDIDATE=\"${BUILD_ROOT}\"\n6\n\n7\nwhile ! [ -d \"${DERIVED_DATA_CANDIDATE}/SourcePackages\" ]; do\n8\n  if [ \"${DERIVED_DATA_CANDIDATE}\" = / ]; then\n9\n    echo >&2 \"error: Unable to locate SourcePackages directory from BUILD_ROOT: '${BUILD_ROOT}'\"\n10\n    exit 1\n11\n  fi\n12\n\n13\n  DERIVED_DATA_CANDIDATE=\"$(dirname \"${DERIVED_DATA_CANDIDATE}\")\"\n14\ndone\n15\n\n16\n# Grab a reference to the directory where scripts are checked out\n17\nSCRIPT_PATH=\"${DERIVED_DATA_CANDIDATE}/SourcePackages/checkouts/apollo-ios/scripts\"\n18\n\n19\nif [ -z \"${SCRIPT_PATH}\" ]; then\n20\n    echo >&2 \"error: Couldn't find the CLI script in your checked out SPM packages; make sure to add the framework to your project.\"\n21\n    exit 1\n22\nfi\n23\n\n24\ncd \"${SRCROOT}/${TARGET_NAME}\"\n25\n\"${SCRIPT_PATH}\"/run-bundled-codegen.sh codegen:generate --target=swift --includes=./**/*.graphql --localSchemaFile=\"Schema.json\" API.swift\n";
		};
/* End PBXShellScriptBuildPhase section */

/* Begin PBXSourcesBuildPhase section */
		BE33E397282EDCA300768E1C /* Sources */ = {
			isa = PBXSourcesBuildPhase;
			buildActionMask = 2147483647;
			files = (
				BE5D769C282FF19C00750A15 /* CustomRocketCell.swift in Sources */,
				BE33E3A3282EDCA300768E1C /* ViewController.swift in Sources */,
				BE33E39F282EDCA300768E1C /* AppDelegate.swift in Sources */,
				BE33E3D9282EE26200768E1C /* API.swift in Sources */,
				BE33E3A1282EDCA300768E1C /* SceneDelegate.swift in Sources */,
				BE33E3DB282F946E00768E1C /* Network.swift in Sources */,
				BE5D76A72830F71000750A15 /* ViewModel.swift in Sources */,
				BE5D76A428300A6100750A15 /* DetailViewController.swift in Sources */,
			);
			runOnlyForDeploymentPostprocessing = 0;
		};
		BE33E3AD282EDCA400768E1C /* Sources */ = {
			isa = PBXSourcesBuildPhase;
			buildActionMask = 2147483647;
			files = (
				BE33E3B6282EDCA400768E1C /* SpaceXTests.swift in Sources */,
			);
			runOnlyForDeploymentPostprocessing = 0;
		};
		BE33E3B7282EDCA400768E1C /* Sources */ = {
			isa = PBXSourcesBuildPhase;
			buildActionMask = 2147483647;
			files = (
				BE33E3C2282EDCA400768E1C /* SpaceXUITestsLaunchTests.swift in Sources */,
				BE33E3C0282EDCA400768E1C /* SpaceXUITests.swift in Sources */,
			);
			runOnlyForDeploymentPostprocessing = 0;
		};
/* End PBXSourcesBuildPhase section */

/* Begin PBXTargetDependency section */
		BE33E3B3282EDCA400768E1C /* PBXTargetDependency */ = {
			isa = PBXTargetDependency;
			target = BE33E39A282EDCA300768E1C /* SpaceX */;
			targetProxy = BE33E3B2282EDCA400768E1C /* PBXContainerItemProxy */;
		};
		BE33E3BD282EDCA400768E1C /* PBXTargetDependency */ = {
			isa = PBXTargetDependency;
			target = BE33E39A282EDCA300768E1C /* SpaceX */;
			targetProxy = BE33E3BC282EDCA400768E1C /* PBXContainerItemProxy */;
		};
/* End PBXTargetDependency section */

/* Begin PBXVariantGroup section */
		BE33E3A4282EDCA300768E1C /* Main.storyboard */ = {
			isa = PBXVariantGroup;
			children = (
				BE33E3A5282EDCA300768E1C /* Base */,
			);
			name = Main.storyboard;
			sourceTree = "<group>";
		};
		BE33E3A9282EDCA400768E1C /* LaunchScreen.storyboard */ = {
			isa = PBXVariantGroup;
			children = (
				BE33E3AA282EDCA400768E1C /* Base */,
			);
			name = LaunchScreen.storyboard;
			sourceTree = "<group>";
		};
/* End PBXVariantGroup section */

/* Begin XCBuildConfiguration section */
		BE33E3C3282EDCA400768E1C /* Debug */ = {
			isa = XCBuildConfiguration;
			buildSettings = {
				ALWAYS_SEARCH_USER_PATHS = NO;
				CLANG_ANALYZER_NONNULL = YES;
				CLANG_ANALYZER_NUMBER_OBJECT_CONVERSION = YES_AGGRESSIVE;
				CLANG_CXX_LANGUAGE_STANDARD = "gnu++17";
				CLANG_ENABLE_MODULES = YES;
				CLANG_ENABLE_OBJC_ARC = YES;
				CLANG_ENABLE_OBJC_WEAK = YES;
				CLANG_WARN_BLOCK_CAPTURE_AUTORELEASING = YES;
				CLANG_WARN_BOOL_CONVERSION = YES;
				CLANG_WARN_COMMA = YES;
				CLANG_WARN_CONSTANT_CONVERSION = YES;
				CLANG_WARN_DEPRECATED_OBJC_IMPLEMENTATIONS = YES;
				CLANG_WARN_DIRECT_OBJC_ISA_USAGE = YES_ERROR;
				CLANG_WARN_DOCUMENTATION_COMMENTS = YES;
				CLANG_WARN_EMPTY_BODY = YES;
				CLANG_WARN_ENUM_CONVERSION = YES;
				CLANG_WARN_INFINITE_RECURSION = YES;
				CLANG_WARN_INT_CONVERSION = YES;
				CLANG_WARN_NON_LITERAL_NULL_CONVERSION = YES;
				CLANG_WARN_OBJC_IMPLICIT_RETAIN_SELF = YES;
				CLANG_WARN_OBJC_LITERAL_CONVERSION = YES;
				CLANG_WARN_OBJC_ROOT_CLASS = YES_ERROR;
				CLANG_WARN_QUOTED_INCLUDE_IN_FRAMEWORK_HEADER = YES;
				CLANG_WARN_RANGE_LOOP_ANALYSIS = YES;
				CLANG_WARN_STRICT_PROTOTYPES = YES;
				CLANG_WARN_SUSPICIOUS_MOVE = YES;
				CLANG_WARN_UNGUARDED_AVAILABILITY = YES_AGGRESSIVE;
				CLANG_WARN_UNREACHABLE_CODE = YES;
				CLANG_WARN__DUPLICATE_METHOD_MATCH = YES;
				COPY_PHASE_STRIP = NO;
				DEBUG_INFORMATION_FORMAT = dwarf;
				ENABLE_STRICT_OBJC_MSGSEND = YES;
				ENABLE_TESTABILITY = YES;
				GCC_C_LANGUAGE_STANDARD = gnu11;
				GCC_DYNAMIC_NO_PIC = NO;
				GCC_NO_COMMON_BLOCKS = YES;
				GCC_OPTIMIZATION_LEVEL = 0;
				GCC_PREPROCESSOR_DEFINITIONS = (
					"DEBUG=1",
					"$(inherited)",
				);
				GCC_WARN_64_TO_32_BIT_CONVERSION = YES;
				GCC_WARN_ABOUT_RETURN_TYPE = YES_ERROR;
				GCC_WARN_UNDECLARED_SELECTOR = YES;
				GCC_WARN_UNINITIALIZED_AUTOS = YES_AGGRESSIVE;
				GCC_WARN_UNUSED_FUNCTION = YES;
				GCC_WARN_UNUSED_VARIABLE = YES;
				IPHONEOS_DEPLOYMENT_TARGET = 15.4;
				MTL_ENABLE_DEBUG_INFO = INCLUDE_SOURCE;
				MTL_FAST_MATH = YES;
				ONLY_ACTIVE_ARCH = YES;
				SDKROOT = iphoneos;
				SWIFT_ACTIVE_COMPILATION_CONDITIONS = DEBUG;
				SWIFT_OPTIMIZATION_LEVEL = "-Onone";
			};
			name = Debug;
		};
		BE33E3C4282EDCA400768E1C /* Release */ = {
			isa = XCBuildConfiguration;
			buildSettings = {
				ALWAYS_SEARCH_USER_PATHS = NO;
				CLANG_ANALYZER_NONNULL = YES;
				CLANG_ANALYZER_NUMBER_OBJECT_CONVERSION = YES_AGGRESSIVE;
				CLANG_CXX_LANGUAGE_STANDARD = "gnu++17";
				CLANG_ENABLE_MODULES = YES;
				CLANG_ENABLE_OBJC_ARC = YES;
				CLANG_ENABLE_OBJC_WEAK = YES;
				CLANG_WARN_BLOCK_CAPTURE_AUTORELEASING = YES;
				CLANG_WARN_BOOL_CONVERSION = YES;
				CLANG_WARN_COMMA = YES;
				CLANG_WARN_CONSTANT_CONVERSION = YES;
				CLANG_WARN_DEPRECATED_OBJC_IMPLEMENTATIONS = YES;
				CLANG_WARN_DIRECT_OBJC_ISA_USAGE = YES_ERROR;
				CLANG_WARN_DOCUMENTATION_COMMENTS = YES;
				CLANG_WARN_EMPTY_BODY = YES;
				CLANG_WARN_ENUM_CONVERSION = YES;
				CLANG_WARN_INFINITE_RECURSION = YES;
				CLANG_WARN_INT_CONVERSION = YES;
				CLANG_WARN_NON_LITERAL_NULL_CONVERSION = YES;
				CLANG_WARN_OBJC_IMPLICIT_RETAIN_SELF = YES;
				CLANG_WARN_OBJC_LITERAL_CONVERSION = YES;
				CLANG_WARN_OBJC_ROOT_CLASS = YES_ERROR;
				CLANG_WARN_QUOTED_INCLUDE_IN_FRAMEWORK_HEADER = YES;
				CLANG_WARN_RANGE_LOOP_ANALYSIS = YES;
				CLANG_WARN_STRICT_PROTOTYPES = YES;
				CLANG_WARN_SUSPICIOUS_MOVE = YES;
				CLANG_WARN_UNGUARDED_AVAILABILITY = YES_AGGRESSIVE;
				CLANG_WARN_UNREACHABLE_CODE = YES;
				CLANG_WARN__DUPLICATE_METHOD_MATCH = YES;
				COPY_PHASE_STRIP = NO;
				DEBUG_INFORMATION_FORMAT = "dwarf-with-dsym";
				ENABLE_NS_ASSERTIONS = NO;
				ENABLE_STRICT_OBJC_MSGSEND = YES;
				GCC_C_LANGUAGE_STANDARD = gnu11;
				GCC_NO_COMMON_BLOCKS = YES;
				GCC_WARN_64_TO_32_BIT_CONVERSION = YES;
				GCC_WARN_ABOUT_RETURN_TYPE = YES_ERROR;
				GCC_WARN_UNDECLARED_SELECTOR = YES;
				GCC_WARN_UNINITIALIZED_AUTOS = YES_AGGRESSIVE;
				GCC_WARN_UNUSED_FUNCTION = YES;
				GCC_WARN_UNUSED_VARIABLE = YES;
				IPHONEOS_DEPLOYMENT_TARGET = 15.4;
				MTL_ENABLE_DEBUG_INFO = NO;
				MTL_FAST_MATH = YES;
				SDKROOT = iphoneos;
				SWIFT_COMPILATION_MODE = wholemodule;
				SWIFT_OPTIMIZATION_LEVEL = "-O";
				VALIDATE_PRODUCT = YES;
			};
			name = Release;
		};
		BE33E3C6282EDCA400768E1C /* Debug */ = {
			isa = XCBuildConfiguration;
			baseConfigurationReference = CA4AC9FE39652B0AB164BA33 /* Pods-SpaceX.debug.xcconfig */;
			buildSettings = {
				ASSETCATALOG_COMPILER_APPICON_NAME = AppIcon;
				ASSETCATALOG_COMPILER_GLOBAL_ACCENT_COLOR_NAME = AccentColor;
				CODE_SIGN_STYLE = Automatic;
				CURRENT_PROJECT_VERSION = 1;
				DEVELOPMENT_TEAM = M53M7577JS;
				GENERATE_INFOPLIST_FILE = YES;
				INFOPLIST_FILE = SpaceX/Info.plist;
				INFOPLIST_KEY_UIApplicationSupportsIndirectInputEvents = YES;
				INFOPLIST_KEY_UILaunchStoryboardName = LaunchScreen;
				INFOPLIST_KEY_UIMainStoryboardFile = Main;
				INFOPLIST_KEY_UISupportedInterfaceOrientations_iPad = "UIInterfaceOrientationPortrait UIInterfaceOrientationPortraitUpsideDown UIInterfaceOrientationLandscapeLeft UIInterfaceOrientationLandscapeRight";
				INFOPLIST_KEY_UISupportedInterfaceOrientations_iPhone = "UIInterfaceOrientationPortrait UIInterfaceOrientationLandscapeLeft UIInterfaceOrientationLandscapeRight";
				LD_RUNPATH_SEARCH_PATHS = (
					"$(inherited)",
					"@executable_path/Frameworks",
				);
				MARKETING_VERSION = 1.0;
				PRODUCT_BUNDLE_IDENTIFIER = midas.SpaceX;
				PRODUCT_NAME = "$(TARGET_NAME)";
				SWIFT_EMIT_LOC_STRINGS = YES;
				SWIFT_VERSION = 5.0;
				TARGETED_DEVICE_FAMILY = "1,2";
			};
			name = Debug;
		};
		BE33E3C7282EDCA400768E1C /* Release */ = {
			isa = XCBuildConfiguration;
			baseConfigurationReference = 6BE72512BAC91395183343F1 /* Pods-SpaceX.release.xcconfig */;
			buildSettings = {
				ASSETCATALOG_COMPILER_APPICON_NAME = AppIcon;
				ASSETCATALOG_COMPILER_GLOBAL_ACCENT_COLOR_NAME = AccentColor;
				CODE_SIGN_STYLE = Automatic;
				CURRENT_PROJECT_VERSION = 1;
				DEVELOPMENT_TEAM = M53M7577JS;
				GENERATE_INFOPLIST_FILE = YES;
				INFOPLIST_FILE = SpaceX/Info.plist;
				INFOPLIST_KEY_UIApplicationSupportsIndirectInputEvents = YES;
				INFOPLIST_KEY_UILaunchStoryboardName = LaunchScreen;
				INFOPLIST_KEY_UIMainStoryboardFile = Main;
				INFOPLIST_KEY_UISupportedInterfaceOrientations_iPad = "UIInterfaceOrientationPortrait UIInterfaceOrientationPortraitUpsideDown UIInterfaceOrientationLandscapeLeft UIInterfaceOrientationLandscapeRight";
				INFOPLIST_KEY_UISupportedInterfaceOrientations_iPhone = "UIInterfaceOrientationPortrait UIInterfaceOrientationLandscapeLeft UIInterfaceOrientationLandscapeRight";
				LD_RUNPATH_SEARCH_PATHS = (
					"$(inherited)",
					"@executable_path/Frameworks",
				);
				MARKETING_VERSION = 1.0;
				PRODUCT_BUNDLE_IDENTIFIER = midas.SpaceX;
				PRODUCT_NAME = "$(TARGET_NAME)";
				SWIFT_EMIT_LOC_STRINGS = YES;
				SWIFT_VERSION = 5.0;
				TARGETED_DEVICE_FAMILY = "1,2";
			};
			name = Release;
		};
		BE33E3C9282EDCA400768E1C /* Debug */ = {
			isa = XCBuildConfiguration;
			baseConfigurationReference = A2FCF4366B11A29B8B3C6290 /* Pods-SpaceXTests.debug.xcconfig */;
			buildSettings = {
				ALWAYS_EMBED_SWIFT_STANDARD_LIBRARIES = YES;
				BUNDLE_LOADER = "$(TEST_HOST)";
				CODE_SIGN_STYLE = Automatic;
				CURRENT_PROJECT_VERSION = 1;
				DEVELOPMENT_TEAM = M53M7577JS;
				GENERATE_INFOPLIST_FILE = YES;
				IPHONEOS_DEPLOYMENT_TARGET = 15.4;
				MARKETING_VERSION = 1.0;
				PRODUCT_BUNDLE_IDENTIFIER = midas.SpaceXTests;
				PRODUCT_NAME = "$(TARGET_NAME)";
				SWIFT_EMIT_LOC_STRINGS = NO;
				SWIFT_VERSION = 5.0;
				TARGETED_DEVICE_FAMILY = "1,2";
				TEST_HOST = "$(BUILT_PRODUCTS_DIR)/SpaceX.app/SpaceX";
			};
			name = Debug;
		};
		BE33E3CA282EDCA400768E1C /* Release */ = {
			isa = XCBuildConfiguration;
			baseConfigurationReference = A38CC71CE11AC0CFC9460E95 /* Pods-SpaceXTests.release.xcconfig */;
			buildSettings = {
				ALWAYS_EMBED_SWIFT_STANDARD_LIBRARIES = YES;
				BUNDLE_LOADER = "$(TEST_HOST)";
				CODE_SIGN_STYLE = Automatic;
				CURRENT_PROJECT_VERSION = 1;
				DEVELOPMENT_TEAM = M53M7577JS;
				GENERATE_INFOPLIST_FILE = YES;
				IPHONEOS_DEPLOYMENT_TARGET = 15.4;
				MARKETING_VERSION = 1.0;
				PRODUCT_BUNDLE_IDENTIFIER = midas.SpaceXTests;
				PRODUCT_NAME = "$(TARGET_NAME)";
				SWIFT_EMIT_LOC_STRINGS = NO;
				SWIFT_VERSION = 5.0;
				TARGETED_DEVICE_FAMILY = "1,2";
				TEST_HOST = "$(BUILT_PRODUCTS_DIR)/SpaceX.app/SpaceX";
			};
			name = Release;
		};
		BE33E3CC282EDCA400768E1C /* Debug */ = {
			isa = XCBuildConfiguration;
			baseConfigurationReference = 00E581049BB89217A9FE76F8 /* Pods-SpaceX-SpaceXUITests.debug.xcconfig */;
			buildSettings = {
				ALWAYS_EMBED_SWIFT_STANDARD_LIBRARIES = YES;
				CODE_SIGN_STYLE = Automatic;
				CURRENT_PROJECT_VERSION = 1;
				DEVELOPMENT_TEAM = M53M7577JS;
				GENERATE_INFOPLIST_FILE = YES;
				MARKETING_VERSION = 1.0;
				PRODUCT_BUNDLE_IDENTIFIER = midas.SpaceXUITests;
				PRODUCT_NAME = "$(TARGET_NAME)";
				SWIFT_EMIT_LOC_STRINGS = NO;
				SWIFT_VERSION = 5.0;
				TARGETED_DEVICE_FAMILY = "1,2";
				TEST_TARGET_NAME = SpaceX;
			};
			name = Debug;
		};
		BE33E3CD282EDCA400768E1C /* Release */ = {
			isa = XCBuildConfiguration;
			baseConfigurationReference = 60A208456AD84519069EE913 /* Pods-SpaceX-SpaceXUITests.release.xcconfig */;
			buildSettings = {
				ALWAYS_EMBED_SWIFT_STANDARD_LIBRARIES = YES;
				CODE_SIGN_STYLE = Automatic;
				CURRENT_PROJECT_VERSION = 1;
				DEVELOPMENT_TEAM = M53M7577JS;
				GENERATE_INFOPLIST_FILE = YES;
				MARKETING_VERSION = 1.0;
				PRODUCT_BUNDLE_IDENTIFIER = midas.SpaceXUITests;
				PRODUCT_NAME = "$(TARGET_NAME)";
				SWIFT_EMIT_LOC_STRINGS = NO;
				SWIFT_VERSION = 5.0;
				TARGETED_DEVICE_FAMILY = "1,2";
				TEST_TARGET_NAME = SpaceX;
			};
			name = Release;
		};
/* End XCBuildConfiguration section */

/* Begin XCConfigurationList section */
		BE33E396282EDCA300768E1C /* Build configuration list for PBXProject "SpaceX" */ = {
			isa = XCConfigurationList;
			buildConfigurations = (
				BE33E3C3282EDCA400768E1C /* Debug */,
				BE33E3C4282EDCA400768E1C /* Release */,
			);
			defaultConfigurationIsVisible = 0;
			defaultConfigurationName = Release;
		};
		BE33E3C5282EDCA400768E1C /* Build configuration list for PBXNativeTarget "SpaceX" */ = {
			isa = XCConfigurationList;
			buildConfigurations = (
				BE33E3C6282EDCA400768E1C /* Debug */,
				BE33E3C7282EDCA400768E1C /* Release */,
			);
			defaultConfigurationIsVisible = 0;
			defaultConfigurationName = Release;
		};
		BE33E3C8282EDCA400768E1C /* Build configuration list for PBXNativeTarget "SpaceXTests" */ = {
			isa = XCConfigurationList;
			buildConfigurations = (
				BE33E3C9282EDCA400768E1C /* Debug */,
				BE33E3CA282EDCA400768E1C /* Release */,
			);
			defaultConfigurationIsVisible = 0;
			defaultConfigurationName = Release;
		};
		BE33E3CB282EDCA400768E1C /* Build configuration list for PBXNativeTarget "SpaceXUITests" */ = {
			isa = XCConfigurationList;
			buildConfigurations = (
				BE33E3CC282EDCA400768E1C /* Debug */,
				BE33E3CD282EDCA400768E1C /* Release */,
			);
			defaultConfigurationIsVisible = 0;
			defaultConfigurationName = Release;
		};
/* End XCConfigurationList section */

/* Begin XCRemoteSwiftPackageReference section */
		BE33E3CE282EDCD400768E1C /* XCRemoteSwiftPackageReference "apollo-ios" */ = {
			isa = XCRemoteSwiftPackageReference;
			repositoryURL = "https://github.com/apollographql/apollo-ios";
			requirement = {
				branch = main;
				kind = branch;
			};
		};
/* End XCRemoteSwiftPackageReference section */

/* Begin XCSwiftPackageProductDependency section */
		BE33E3CF282EDCD400768E1C /* Apollo */ = {
			isa = XCSwiftPackageProductDependency;
			package = BE33E3CE282EDCD400768E1C /* XCRemoteSwiftPackageReference "apollo-ios" */;
			productName = Apollo;
		};
		BE33E3D1282EDCD400768E1C /* ApolloWebSocket */ = {
			isa = XCSwiftPackageProductDependency;
			package = BE33E3CE282EDCD400768E1C /* XCRemoteSwiftPackageReference "apollo-ios" */;
			productName = ApolloWebSocket;
		};
/* End XCSwiftPackageProductDependency section */
	};
	rootObject = BE33E393282EDCA300768E1C /* Project object */;
}
